// !$*UTF8*$!
{
	archiveVersion = 1;
	classes = {
	};
	objectVersion = 50;
	objects = {

/* Begin PBXBuildFile section */
		C4C0ABC026C506F5006F7B87 /* AppDelegate.swift in Sources */ = {isa = PBXBuildFile; fileRef = C4C0ABBF26C506F5006F7B87 /* AppDelegate.swift */; };
		C4C0ABC226C506F5006F7B87 /* SceneDelegate.swift in Sources */ = {isa = PBXBuildFile; fileRef = C4C0ABC126C506F5006F7B87 /* SceneDelegate.swift */; };
		C4C0ABC426C506F5006F7B87 /* ViewController.swift in Sources */ = {isa = PBXBuildFile; fileRef = C4C0ABC326C506F5006F7B87 /* ViewController.swift */; };
		C4C0ABC726C506F5006F7B87 /* Main.storyboard in Resources */ = {isa = PBXBuildFile; fileRef = C4C0ABC526C506F5006F7B87 /* Main.storyboard */; };
		C4C0ABC926C506F6006F7B87 /* Assets.xcassets in Resources */ = {isa = PBXBuildFile; fileRef = C4C0ABC826C506F6006F7B87 /* Assets.xcassets */; };
		C4C0ABCC26C506F6006F7B87 /* LaunchScreen.storyboard in Resources */ = {isa = PBXBuildFile; fileRef = C4C0ABCA26C506F6006F7B87 /* LaunchScreen.storyboard */; };
		C4C0ABDA26C51F49006F7B87 /* OrderTableViewCell.xib in Resources */ = {isa = PBXBuildFile; fileRef = C4C0ABD826C51F49006F7B87 /* OrderTableViewCell.xib */; };
		C4C0ABDB26C51F49006F7B87 /* OrderTableViewCell.swift in Sources */ = {isa = PBXBuildFile; fileRef = C4C0ABD926C51F49006F7B87 /* OrderTableViewCell.swift */; };
/* End PBXBuildFile section */

/* Begin PBXFileReference section */
		C4C0ABBC26C506F5006F7B87 /* Grid photo.app */ = {isa = PBXFileReference; explicitFileType = wrapper.application; includeInIndex = 0; path = "Grid photo.app"; sourceTree = BUILT_PRODUCTS_DIR; };
		C4C0ABBF26C506F5006F7B87 /* AppDelegate.swift */ = {isa = PBXFileReference; lastKnownFileType = sourcecode.swift; path = AppDelegate.swift; sourceTree = "<group>"; };
		C4C0ABC126C506F5006F7B87 /* SceneDelegate.swift */ = {isa = PBXFileReference; lastKnownFileType = sourcecode.swift; path = SceneDelegate.swift; sourceTree = "<group>"; };
		C4C0ABC326C506F5006F7B87 /* ViewController.swift */ = {isa = PBXFileReference; lastKnownFileType = sourcecode.swift; path = ViewController.swift; sourceTree = "<group>"; };
		C4C0ABC626C506F5006F7B87 /* Base */ = {isa = PBXFileReference; lastKnownFileType = file.storyboard; name = Base; path = Base.lproj/Main.storyboard; sourceTree = "<group>"; };
		C4C0ABC826C506F6006F7B87 /* Assets.xcassets */ = {isa = PBXFileReference; lastKnownFileType = folder.assetcatalog; path = Assets.xcassets; sourceTree = "<group>"; };
		C4C0ABCB26C506F6006F7B87 /* Base */ = {isa = PBXFileReference; lastKnownFileType = file.storyboard; name = Base; path = Base.lproj/LaunchScreen.storyboard; sourceTree = "<group>"; };
		C4C0ABCD26C506F6006F7B87 /* Info.plist */ = {isa = PBXFileReference; lastKnownFileType = text.plist.xml; path = Info.plist; sourceTree = "<group>"; };
		C4C0ABD826C51F49006F7B87 /* OrderTableViewCell.xib */ = {isa = PBXFileReference; fileEncoding = 4; lastKnownFileType = file.xib; path = OrderTableViewCell.xib; sourceTree = "<group>"; };
		C4C0ABD926C51F49006F7B87 /* OrderTableViewCell.swift */ = {isa = PBXFileReference; fileEncoding = 4; lastKnownFileType = sourcecode.swift; path = OrderTableViewCell.swift; sourceTree = "<group>"; };
/* End PBXFileReference section */

/* Begin PBXFrameworksBuildPhase section */
		C4C0ABB926C506F5006F7B87 /* Frameworks */ = {
			isa = PBXFrameworksBuildPhase;
			buildActionMask = 2147483647;
			files = (
			);
			runOnlyForDeploymentPostprocessing = 0;
		};
/* End PBXFrameworksBuildPhase section */

/* Begin PBXGroup section */
		C4C0ABB326C506F5006F7B87 = {
			isa = PBXGroup;
			children = (
				C4C0ABBE26C506F5006F7B87 /* Grid photo */,
				C4C0ABBD26C506F5006F7B87 /* Products */,
			);
			sourceTree = "<group>";
		};
		C4C0ABBD26C506F5006F7B87 /* Products */ = {
			isa = PBXGroup;
			children = (
				C4C0ABBC26C506F5006F7B87 /* Grid photo.app */,
			);
			name = Products;
			sourceTree = "<group>";
		};
		C4C0ABBE26C506F5006F7B87 /* Grid photo */ = {
			isa = PBXGroup;
			children = (
				C4C0ABD726C51F0A006F7B87 /* Screen */,
				C4C0ABBF26C506F5006F7B87 /* AppDelegate.swift */,
				C4C0ABC126C506F5006F7B87 /* SceneDelegate.swift */,
				C4C0ABC526C506F5006F7B87 /* Main.storyboard */,
				C4C0ABC826C506F6006F7B87 /* Assets.xcassets */,
				C4C0ABCA26C506F6006F7B87 /* LaunchScreen.storyboard */,
				C4C0ABCD26C506F6006F7B87 /* Info.plist */,
			);
			path = "Grid photo";
			sourceTree = "<group>";
		};
		C4C0ABD626C51F05006F7B87 /* Cell */ = {
			isa = PBXGroup;
			children = (
				C4C0ABD926C51F49006F7B87 /* OrderTableViewCell.swift */,
				C4C0ABD826C51F49006F7B87 /* OrderTableViewCell.xib */,
			);
			path = Cell;
			sourceTree = "<group>";
		};
		C4C0ABD726C51F0A006F7B87 /* Screen */ = {
			isa = PBXGroup;
			children = (
				C4C0ABD626C51F05006F7B87 /* Cell */,
				C4C0ABC326C506F5006F7B87 /* ViewController.swift */,
			);
			path = Screen;
			sourceTree = "<group>";
		};
/* End PBXGroup section */

/* Begin PBXNativeTarget section */
		C4C0ABBB26C506F5006F7B87 /* Grid photo */ = {
			isa = PBXNativeTarget;
			buildConfigurationList = C4C0ABD026C506F6006F7B87 /* Build configuration list for PBXNativeTarget "Grid photo" */;
			buildPhases = (
				C4C0ABB826C506F5006F7B87 /* Sources */,
				C4C0ABB926C506F5006F7B87 /* Frameworks */,
				C4C0ABBA26C506F5006F7B87 /* Resources */,
			);
			buildRules = (
			);
			dependencies = (
			);
			name = "Grid photo";
			productName = "Grid photo";
			productReference = C4C0ABBC26C506F5006F7B87 /* Grid photo.app */;
			productType = "com.apple.product-type.application";
		};
/* End PBXNativeTarget section */

/* Begin PBXProject section */
		C4C0ABB426C506F5006F7B87 /* Project object */ = {
			isa = PBXProject;
			attributes = {
				LastSwiftUpdateCheck = 1240;
				LastUpgradeCheck = 1240;
				TargetAttributes = {
					C4C0ABBB26C506F5006F7B87 = {
						CreatedOnToolsVersion = 12.4;
					};
				};
			};
			buildConfigurationList = C4C0ABB726C506F5006F7B87 /* Build configuration list for PBXProject "Grid photo" */;
			compatibilityVersion = "Xcode 9.3";
			developmentRegion = en;
			hasScannedForEncodings = 0;
			knownRegions = (
				en,
				Base,
			);
			mainGroup = C4C0ABB326C506F5006F7B87;
			productRefGroup = C4C0ABBD26C506F5006F7B87 /* Products */;
			projectDirPath = "";
			projectRoot = "";
			targets = (
				C4C0ABBB26C506F5006F7B87 /* Grid photo */,
			);
		};
/* End PBXProject section */

/* Begin PBXResourcesBuildPhase section */
		C4C0ABBA26C506F5006F7B87 /* Resources */ = {
			isa = PBXResourcesBuildPhase;
			buildActionMask = 2147483647;
			files = (
				C4C0ABCC26C506F6006F7B87 /* LaunchScreen.storyboard in Resources */,
				C4C0ABC926C506F6006F7B87 /* Assets.xcassets in Resources */,
				C4C0ABDA26C51F49006F7B87 /* OrderTableViewCell.xib in Resources */,
				C4C0ABC726C506F5006F7B87 /* Main.storyboard in Resources */,
			);
			runOnlyForDeploymentPostprocessing = 0;
		};
/* End PBXResourcesBuildPhase section */

/* Begin PBXSourcesBuildPhase section */
		C4C0ABB826C506F5006F7B87 /* Sources */ = {
			isa = PBXSourcesBuildPhase;
			buildActionMask = 2147483647;
			files = (
				C4C0ABC426C506F5006F7B87 /* ViewController.swift in Sources */,
				C4C0ABC026C506F5006F7B87 /* AppDelegate.swift in Sources */,
				C4C0ABDB26C51F49006F7B87 /* OrderTableViewCell.swift in Sources */,
				C4C0ABC226C506F5006F7B87 /* SceneDelegate.swift in Sources */,
			);
			runOnlyForDeploymentPostprocessing = 0;
		};
/* End PBXSourcesBuildPhase section */

/* Begin PBXVariantGroup section */
		C4C0ABC526C506F5006F7B87 /* Main.storyboard */ = {
			isa = PBXVariantGroup;
			children = (
				C4C0ABC626C506F5006F7B87 /* Base */,
			);
			name = Main.storyboard;
			sourceTree = "<group>";
		};
		C4C0ABCA26C506F6006F7B87 /* LaunchScreen.storyboard */ = {
			isa = PBXVariantGroup;
			children = (
				C4C0ABCB26C506F6006F7B87 /* Base */,
			);
			name = LaunchScreen.storyboard;
			sourceTree = "<group>";
		};
/* End PBXVariantGroup section */

/* Begin XCBuildConfiguration section */
		C4C0ABCE26C506F6006F7B87 /* Debug */ = {
			isa = XCBuildConfiguration;
			buildSettings = {
				ALWAYS_SEARCH_USER_PATHS = NO;
				CLANG_ANALYZER_NONNULL = YES;
				CLANG_ANALYZER_NUMBER_OBJECT_CONVERSION = YES_AGGRESSIVE;
				CLANG_CXX_LANGUAGE_STANDARD = "gnu++14";
				CLANG_CXX_LIBRARY = "libc++";
				CLANG_ENABLE_MODULES = YES;
				CLANG_ENABLE_OBJC_ARC = YES;
				CLANG_ENABLE_OBJC_WEAK = YES;
				CLANG_WARN_BLOCK_CAPTURE_AUTORELEASING = YES;
				CLANG_WARN_BOOL_CONVERSION = YES;
				CLANG_WARN_COMMA = YES;
				CLANG_WARN_CONSTANT_CONVERSION = YES;
				CLANG_WARN_DEPRECATED_OBJC_IMPLEMENTATIONS = YES;
				CLANG_WARN_DIRECT_OBJC_ISA_USAGE = YES_ERROR;
				CLANG_WARN_DOCUMENTATION_COMMENTS = YES;
				CLANG_WARN_EMPTY_BODY = YES;
				CLANG_WARN_ENUM_CONVERSION = YES;
				CLANG_WARN_INFINITE_RECURSION = YES;
				CLANG_WARN_INT_CONVERSION = YES;
				CLANG_WARN_NON_LITERAL_NULL_CONVERSION = YES;
				CLANG_WARN_OBJC_IMPLICIT_RETAIN_SELF = YES;
				CLANG_WARN_OBJC_LITERAL_CONVERSION = YES;
				CLANG_WARN_OBJC_ROOT_CLASS = YES_ERROR;
				CLANG_WARN_QUOTED_INCLUDE_IN_FRAMEWORK_HEADER = YES;
				CLANG_WARN_RANGE_LOOP_ANALYSIS = YES;
				CLANG_WARN_STRICT_PROTOTYPES = YES;
				CLANG_WARN_SUSPICIOUS_MOVE = YES;
				CLANG_WARN_UNGUARDED_AVAILABILITY = YES_AGGRESSIVE;
				CLANG_WARN_UNREACHABLE_CODE = YES;
				CLANG_WARN__DUPLICATE_METHOD_MATCH = YES;
				COPY_PHASE_STRIP = NO;
				DEBUG_INFORMATION_FORMAT = dwarf;
				ENABLE_STRICT_OBJC_MSGSEND = YES;
				ENABLE_TESTABILITY = YES;
				GCC_C_LANGUAGE_STANDARD = gnu11;
				GCC_DYNAMIC_NO_PIC = NO;
				GCC_NO_COMMON_BLOCKS = YES;
				GCC_OPTIMIZATION_LEVEL = 0;
				GCC_PREPROCESSOR_DEFINITIONS = (
					"DEBUG=1",
					"$(inherited)",
				);
				GCC_WARN_64_TO_32_BIT_CONVERSION = YES;
				GCC_WARN_ABOUT_RETURN_TYPE = YES_ERROR;
				GCC_WARN_UNDECLARED_SELECTOR = YES;
				GCC_WARN_UNINITIALIZED_AUTOS = YES_AGGRESSIVE;
				GCC_WARN_UNUSED_FUNCTION = YES;
				GCC_WARN_UNUSED_VARIABLE = YES;
				IPHONEOS_DEPLOYMENT_TARGET = 14.4;
				MTL_ENABLE_DEBUG_INFO = INCLUDE_SOURCE;
				MTL_FAST_MATH = YES;
				ONLY_ACTIVE_ARCH = YES;
				SDKROOT = iphoneos;
				SWIFT_ACTIVE_COMPILATION_CONDITIONS = DEBUG;
				SWIFT_OPTIMIZATION_LEVEL = "-Onone";
			};
			name = Debug;
		};
		C4C0ABCF26C506F6006F7B87 /* Release */ = {
			isa = XCBuildConfiguration;
			buildSettings = {
				ALWAYS_SEARCH_USER_PATHS = NO;
				CLANG_ANALYZER_NONNULL = YES;
				CLANG_ANALYZER_NUMBER_OBJECT_CONVERSION = YES_AGGRESSIVE;
				CLANG_CXX_LANGUAGE_STANDARD = "gnu++14";
				CLANG_CXX_LIBRARY = "libc++";
				CLANG_ENABLE_MODULES = YES;
				CLANG_ENABLE_OBJC_ARC = YES;
				CLANG_ENABLE_OBJC_WEAK = YES;
				CLANG_WARN_BLOCK_CAPTURE_AUTORELEASING = YES;
				CLANG_WARN_BOOL_CONVERSION = YES;
				CLANG_WARN_COMMA = YES;
				CLANG_WARN_CONSTANT_CONVERSION = YES;
				CLANG_WARN_DEPRECATED_OBJC_IMPLEMENTATIONS = YES;
				CLANG_WARN_DIRECT_OBJC_ISA_USAGE = YES_ERROR;
				CLANG_WARN_DOCUMENTATION_COMMENTS = YES;
				CLANG_WARN_EMPTY_BODY = YES;
				CLANG_WARN_ENUM_CONVERSION = YES;
				CLANG_WARN_INFINITE_RECURSION = YES;
				CLANG_WARN_INT_CONVERSION = YES;
				CLANG_WARN_NON_LITERAL_NULL_CONVERSION = YES;
				CLANG_WARN_OBJC_IMPLICIT_RETAIN_SELF = YES;
				CLANG_WARN_OBJC_LITERAL_CONVERSION = YES;
				CLANG_WARN_OBJC_ROOT_CLASS = YES_ERROR;
				CLANG_WARN_QUOTED_INCLUDE_IN_FRAMEWORK_HEADER = YES;
				CLANG_WARN_RANGE_LOOP_ANALYSIS = YES;
				CLANG_WARN_STRICT_PROTOTYPES = YES;
				CLANG_WARN_SUSPICIOUS_MOVE = YES;
				CLANG_WARN_UNGUARDED_AVAILABILITY = YES_AGGRESSIVE;
				CLANG_WARN_UNREACHABLE_CODE = YES;
				CLANG_WARN__DUPLICATE_METHOD_MATCH = YES;
				COPY_PHASE_STRIP = NO;
				DEBUG_INFORMATION_FORMAT = "dwarf-with-dsym";
				ENABLE_NS_ASSERTIONS = NO;
				ENABLE_STRICT_OBJC_MSGSEND = YES;
				GCC_C_LANGUAGE_STANDARD = gnu11;
				GCC_NO_COMMON_BLOCKS = YES;
				GCC_WARN_64_TO_32_BIT_CONVERSION = YES;
				GCC_WARN_ABOUT_RETURN_TYPE = YES_ERROR;
				GCC_WARN_UNDECLARED_SELECTOR = YES;
				GCC_WARN_UNINITIALIZED_AUTOS = YES_AGGRESSIVE;
				GCC_WARN_UNUSED_FUNCTION = YES;
				GCC_WARN_UNUSED_VARIABLE = YES;
				IPHONEOS_DEPLOYMENT_TARGET = 14.4;
				MTL_ENABLE_DEBUG_INFO = NO;
				MTL_FAST_MATH = YES;
				SDKROOT = iphoneos;
				SWIFT_COMPILATION_MODE = wholemodule;
				SWIFT_OPTIMIZATION_LEVEL = "-O";
				VALIDATE_PRODUCT = YES;
			};
			name = Release;
		};
		C4C0ABD126C506F6006F7B87 /* Debug */ = {
			isa = XCBuildConfiguration;
			buildSettings = {
				ASSETCATALOG_COMPILER_APPICON_NAME = AppIcon;
				ASSETCATALOG_COMPILER_GLOBAL_ACCENT_COLOR_NAME = AccentColor;
				CODE_SIGN_STYLE = Automatic;
				DEVELOPMENT_TEAM = 9KDX5972VM;
				INFOPLIST_FILE = "Grid photo/Info.plist";
				IPHONEOS_DEPLOYMENT_TARGET = 13.0;
				LD_RUNPATH_SEARCH_PATHS = (
					"$(inherited)",
					"@executable_path/Frameworks",
				);
				PRODUCT_BUNDLE_IDENTIFIER = "com.SE.Grid-photo";
				PRODUCT_NAME = "$(TARGET_NAME)";
				SWIFT_VERSION = 5.0;
				TARGETED_DEVICE_FAMILY = 1;
			};
			name = Debug;
		};
		C4C0ABD226C506F6006F7B87 /* Release */ = {
			isa = XCBuildConfiguration;
			buildSettings = {
				ASSETCATALOG_COMPILER_APPICON_NAME = AppIcon;
				ASSETCATALOG_COMPILER_GLOBAL_ACCENT_COLOR_NAME = AccentColor;
				CODE_SIGN_STYLE = Automatic;
				DEVELOPMENT_TEAM = 9KDX5972VM;
				INFOPLIST_FILE = "Grid photo/Info.plist";
				IPHONEOS_DEPLOYMENT_TARGET = 13.0;
				LD_RUNPATH_SEARCH_PATHS = (
					"$(inherited)",
					"@executable_path/Frameworks",
				);
				PRODUCT_BUNDLE_IDENTIFIER = "com.SE.Grid-photo";
				PRODUCT_NAME = "$(TARGET_NAME)";
				SWIFT_VERSION = 5.0;
				TARGETED_DEVICE_FAMILY = 1;
			};
			name = Release;
		};
/* End XCBuildConfiguration section */

/* Begin XCConfigurationList section */
		C4C0ABB726C506F5006F7B87 /* Build configuration list for PBXProject "Grid photo" */ = {
			isa = XCConfigurationList;
			buildConfigurations = (
				C4C0ABCE26C506F6006F7B87 /* Debug */,
				C4C0ABCF26C506F6006F7B87 /* Release */,
			);
			defaultConfigurationIsVisible = 0;
			defaultConfigurationName = Release;
		};
		C4C0ABD026C506F6006F7B87 /* Build configuration list for PBXNativeTarget "Grid photo" */ = {
			isa = XCConfigurationList;
			buildConfigurations = (
				C4C0ABD126C506F6006F7B87 /* Debug */,
				C4C0ABD226C506F6006F7B87 /* Release */,
			);
			defaultConfigurationIsVisible = 0;
			defaultConfigurationName = Release;
		};
/* End XCConfigurationList section */
	};
	rootObject = C4C0ABB426C506F5006F7B87 /* Project object */;
}
